
Microsoft Visual Studio Solution File, Format Version 12.00
# Visual Studio Version 17
VisualStudioVersion = 17.0.31903.59
MinimumVisualStudioVersion = 10.0.40219.1
Project("{2150E333-8FDC-42A3-9474-1A3956D46DE8}") = "src", "src", "{D3F228E4-98E9-4B95-8BE3-67CBA27A7F1F}"
EndProject
Project("{FAE04EC0-301F-11D3-BF4B-00C04F79EFBC}") = "RuntimeInvestigation.API", "src\RuntimeInvestigation.API\RuntimeInvestigation.API.csproj", "{C370F74F-376C-4CA0-8EB0-37FB1E610F41}"
EndProject
Project("{FAE04EC0-301F-11D3-BF4B-00C04F79EFBC}") = "RuntimeInvestigation.Application", "src\RuntimeInvestigation.Application\RuntimeInvestigation.Application.csproj", "{59E9C65C-C048-42FB-A72D-6DDDA3B85676}"
EndProject
Project("{FAE04EC0-301F-11D3-BF4B-00C04F79EFBC}") = "RuntimeInvestigation.Domain", "src\RuntimeInvestigation.Domain\RuntimeInvestigation.Domain.csproj", "{17A874D7-AA91-4AFB-9FB6-D4FB5C5E8DBB}"
EndProject
Project("{FAE04EC0-301F-11D3-BF4B-00C04F79EFBC}") = "RuntimeInvestigation.Infrastructure", "src\RuntimeInvestigation.Infrastructure\RuntimeInvestigation.Infrastructure.csproj", "{6C340AF6-C3EC-4DEE-B386-B1C4A5F60D16}"
EndProject
Project("{FAE04EC0-301F-11D3-BF4B-00C04F79EFBC}") = "RuntimeInvestigation.Shared", "src\RuntimeInvestigation.Shared\RuntimeInvestigation.Shared.csproj", "{0FB72B5A-0BB6-4D57-8E61-E51845AD1C0B}"
EndProject
Project("{FAE04EC0-301F-11D3-BF4B-00C04F79EFBC}") = "RuntimeInvestigation.RuntimeAgent", "src\RuntimeInvestigation.RuntimeAgent\RuntimeInvestigation.RuntimeAgent.csproj", "{A5A5B8D7-1F2B-4E1A-9B46-4C7E3B49EF29}"
EndProject
Project("{FAE04EC0-301F-11D3-BF4B-00C04F79EFBC}") = "PaymentApi", "..\demo\PaymentApi\PaymentApi.csproj", "{6D9A7A0F-8D69-4A2A-8B07-A7A2A3D41C11}"
EndProject
Project("{FAE04EC0-301F-11D3-BF4B-00C04F79EFBC}") = "MockAgent", "..\demo\MockAgent\MockAgent.csproj", "{A54A1E35-7C98-4447-9E71-E0D9756C1C92}"
EndProject
Project("{2150E333-8FDC-42A3-9474-1A3956D46DE8}") = "tests", "tests", "{5DE76A91-1725-4C50-A45E-CF866029A3BA}"
EndProject
Project("{FAE04EC0-301F-11D3-BF4B-00C04F79EFBC}") = "API.Tests", "tests\API.Tests\API.Tests.csproj", "{5F94BA57-064F-40C5-876C-AB2A14A6B576}"
EndProject
Project("{FAE04EC0-301F-11D3-BF4B-00C04F79EFBC}") = "Application.Tests", "tests\Application.Tests\Application.Tests.csproj", "{01E54A3D-4E06-4DB6-9FB6-555F36196196}"
EndProject
Project("{FAE04EC0-301F-11D3-BF4B-00C04F79EFBC}") = "Domain.Tests", "tests\Domain.Tests\Domain.Tests.csproj", "{B86A3986-443C-4BC8-9C74-AE852604CCF6}"
EndProject
Project("{FAE04EC0-301F-11D3-BF4B-00C04F79EFBC}") = "Infrastructure.Tests", "tests\Infrastructure.Tests\Infrastructure.Tests.csproj", "{66D74135-A3ED-4C1E-9EBD-82AA3E57083D}"
EndProject
Global
	GlobalSection(SolutionConfigurationPlatforms) = preSolution
		Debug|Any CPU = Debug|Any CPU
		Release|Any CPU = Release|Any CPU
	EndGlobalSection
	GlobalSection(SolutionProperties) = preSolution
		HideSolutionNode = FALSE
	EndGlobalSection
	GlobalSection(ProjectConfigurationPlatforms) = postSolution
		{C370F74F-376C-4CA0-8EB0-37FB1E610F41}.Debug|Any CPU.ActiveCfg = Debug|Any CPU
		{C370F74F-376C-4CA0-8EB0-37FB1E610F41}.Debug|Any CPU.Build.0 = Debug|Any CPU
		{C370F74F-376C-4CA0-8EB0-37FB1E610F41}.Release|Any CPU.ActiveCfg = Release|Any CPU
		{C370F74F-376C-4CA0-8EB0-37FB1E610F41}.Release|Any CPU.Build.0 = Release|Any CPU
		{59E9C65C-C048-42FB-A72D-6DDDA3B85676}.Debug|Any CPU.ActiveCfg = Debug|Any CPU
		{59E9C65C-C048-42FB-A72D-6DDDA3B85676}.Debug|Any CPU.Build.0 = Debug|Any CPU
		{59E9C65C-C048-42FB-A72D-6DDDA3B85676}.Release|Any CPU.ActiveCfg = Release|Any CPU
		{59E9C65C-C048-42FB-A72D-6DDDA3B85676}.Release|Any CPU.Build.0 = Release|Any CPU
		{17A874D7-AA91-4AFB-9FB6-D4FB5C5E8DBB}.Debug|Any CPU.ActiveCfg = Debug|Any CPU
		{17A874D7-AA91-4AFB-9FB6-D4FB5C5E8DBB}.Debug|Any CPU.Build.0 = Debug|Any CPU
		{17A874D7-AA91-4AFB-9FB6-D4FB5C5E8DBB}.Release|Any CPU.ActiveCfg = Release|Any CPU
		{17A874D7-AA91-4AFB-9FB6-D4FB5C5E8DBB}.Release|Any CPU.Build.0 = Release|Any CPU
		{6C340AF6-C3EC-4DEE-B386-B1C4A5F60D16}.Debug|Any CPU.ActiveCfg = Debug|Any CPU
		{6C340AF6-C3EC-4DEE-B386-B1C4A5F60D16}.Debug|Any CPU.Build.0 = Debug|Any CPU
		{6C340AF6-C3EC-4DEE-B386-B1C4A5F60D16}.Release|Any CPU.ActiveCfg = Release|Any CPU
		{6C340AF6-C3EC-4DEE-B386-B1C4A5F60D16}.Release|Any CPU.Build.0 = Release|Any CPU
		{0FB72B5A-0BB6-4D57-8E61-E51845AD1C0B}.Debug|Any CPU.ActiveCfg = Debug|Any CPU
		{0FB72B5A-0BB6-4D57-8E61-E51845AD1C0B}.Debug|Any CPU.Build.0 = Debug|Any CPU
		{0FB72B5A-0BB6-4D57-8E61-E51845AD1C0B}.Release|Any CPU.ActiveCfg = Release|Any CPU
		{0FB72B5A-0BB6-4D57-8E61-E51845AD1C0B}.Release|Any CPU.Build.0 = Release|Any CPU
		{A5A5B8D7-1F2B-4E1A-9B46-4C7E3B49EF29}.Debug|Any CPU.ActiveCfg = Debug|Any CPU
		{A5A5B8D7-1F2B-4E1A-9B46-4C7E3B49EF29}.Debug|Any CPU.Build.0 = Debug|Any CPU
		{A5A5B8D7-1F2B-4E1A-9B46-4C7E3B49EF29}.Release|Any CPU.ActiveCfg = Release|Any CPU
		{A5A5B8D7-1F2B-4E1A-9B46-4C7E3B49EF29}.Release|Any CPU.Build.0 = Release|Any CPU
		{6D9A7A0F-8D69-4A2A-8B07-A7A2A3D41C11}.Debug|Any CPU.ActiveCfg = Debug|Any CPU
		{6D9A7A0F-8D69-4A2A-8B07-A7A2A3D41C11}.Debug|Any CPU.Build.0 = Debug|Any CPU
		{6D9A7A0F-8D69-4A2A-8B07-A7A2A3D41C11}.Release|Any CPU.ActiveCfg = Release|Any CPU
		{6D9A7A0F-8D69-4A2A-8B07-A7A2A3D41C11}.Release|Any CPU.Build.0 = Release|Any CPU
		{A54A1E35-7C98-4447-9E71-E0D9756C1C92}.Debug|Any CPU.ActiveCfg = Debug|Any CPU
		{A54A1E35-7C98-4447-9E71-E0D9756C1C92}.Debug|Any CPU.Build.0 = Debug|Any CPU
		{A54A1E35-7C98-4447-9E71-E0D9756C1C92}.Release|Any CPU.ActiveCfg = Release|Any CPU
		{A54A1E35-7C98-4447-9E71-E0D9756C1C92}.Release|Any CPU.Build.0 = Release|Any CPU
		{5F94BA57-064F-40C5-876C-AB2A14A6B576}.Debug|Any CPU.ActiveCfg = Debug|Any CPU
		{5F94BA57-064F-40C5-876C-AB2A14A6B576}.Debug|Any CPU.Build.0 = Debug|Any CPU
		{5F94BA57-064F-40C5-876C-AB2A14A6B576}.Release|Any CPU.ActiveCfg = Release|Any CPU
		{5F94BA57-064F-40C5-876C-AB2A14A6B576}.Release|Any CPU.Build.0 = Release|Any CPU
		{01E54A3D-4E06-4DB6-9FB6-555F36196196}.Debug|Any CPU.ActiveCfg = Debug|Any CPU
		{01E54A3D-4E06-4DB6-9FB6-555F36196196}.Debug|Any CPU.Build.0 = Debug|Any CPU
		{01E54A3D-4E06-4DB6-9FB6-555F36196196}.Release|Any CPU.ActiveCfg = Release|Any CPU
		{01E54A3D-4E06-4DB6-9FB6-555F36196196}.Release|Any CPU.Build.0 = Release|Any CPU
		{B86A3986-443C-4BC8-9C74-AE852604CCF6}.Debug|Any CPU.ActiveCfg = Debug|Any CPU
		{B86A3986-443C-4BC8-9C74-AE852604CCF6}.Debug|Any CPU.Build.0 = Debug|Any CPU
		{B86A3986-443C-4BC8-9C74-AE852604CCF6}.Release|Any CPU.ActiveCfg = Release|Any CPU
		{B86A3986-443C-4BC8-9C74-AE852604CCF6}.Release|Any CPU.Build.0 = Release|Any CPU
		{66D74135-A3ED-4C1E-9EBD-82AA3E57083D}.Debug|Any CPU.ActiveCfg = Debug|Any CPU
		{66D74135-A3ED-4C1E-9EBD-82AA3E57083D}.Debug|Any CPU.Build.0 = Debug|Any CPU
		{66D74135-A3ED-4C1E-9EBD-82AA3E57083D}.Release|Any CPU.ActiveCfg = Release|Any CPU
		{66D74135-A3ED-4C1E-9EBD-82AA3E57083D}.Release|Any CPU.Build.0 = Release|Any CPU
	EndGlobalSection
	GlobalSection(NestedProjects) = preSolution
		{C370F74F-376C-4CA0-8EB0-37FB1E610F41} = {D3F228E4-98E9-4B95-8BE3-67CBA27A7F1F}
		{59E9C65C-C048-42FB-A72D-6DDDA3B85676} = {D3F228E4-98E9-4B95-8BE3-67CBA27A7F1F}
		{17A874D7-AA91-4AFB-9FB6-D4FB5C5E8DBB} = {D3F228E4-98E9-4B95-8BE3-67CBA27A7F1F}
		{6C340AF6-C3EC-4DEE-B386-B1C4A5F60D16} = {D3F228E4-98E9-4B95-8BE3-67CBA27A7F1F}
		{0FB72B5A-0BB6-4D57-8E61-E51845AD1C0B} = {D3F228E4-98E9-4B95-8BE3-67CBA27A7F1F}
		{A5A5B8D7-1F2B-4E1A-9B46-4C7E3B49EF29} = {D3F228E4-98E9-4B95-8BE3-67CBA27A7F1F}
		{6D9A7A0F-8D69-4A2A-8B07-A7A2A3D41C11} = {D3F228E4-98E9-4B95-8BE3-67CBA27A7F1F}
		{A54A1E35-7C98-4447-9E71-E0D9756C1C92} = {D3F228E4-98E9-4B95-8BE3-67CBA27A7F1F}
		{5F94BA57-064F-40C5-876C-AB2A14A6B576} = {5DE76A91-1725-4C50-A45E-CF866029A3BA}
		{01E54A3D-4E06-4DB6-9FB6-555F36196196} = {5DE76A91-1725-4C50-A45E-CF866029A3BA}
		{B86A3986-443C-4BC8-9C74-AE852604CCF6} = {5DE76A91-1725-4C50-A45E-CF866029A3BA}
		{66D74135-A3ED-4C1E-9EBD-82AA3E57083D} = {5DE76A91-1725-4C50-A45E-CF866029A3BA}
	EndGlobalSection
EndGlobal
